// !$*UTF8*$!
{
	archiveVersion = 1;
	classes = {
	};
	objectVersion = 46;
	objects = {

/* Begin PBXBuildFile section */
		9A8D15C8E1302A1A50DB9FE3 /* Pods_Civilia.framework in Frameworks */ = {isa = PBXBuildFile; fileRef = 97F7A763D2F3B290AF1C89F3 /* Pods_Civilia.framework */; };
		ED191E841F18F7F4004CC420 /* AppDelegate.swift in Sources */ = {isa = PBXBuildFile; fileRef = ED191E831F18F7F4004CC420 /* AppDelegate.swift */; };
		ED191E861F18F7F4004CC420 /* OldMainViewController.swift in Sources */ = {isa = PBXBuildFile; fileRef = ED191E851F18F7F4004CC420 /* OldMainViewController.swift */; };
		ED191E911F18F7F4004CC420 /* LaunchScreen.storyboard in Resources */ = {isa = PBXBuildFile; fileRef = ED191E8F1F18F7F4004CC420 /* LaunchScreen.storyboard */; };
		ED191E9A1F18F84D004CC420 /* OldGeneralTableViewCell.swift in Sources */ = {isa = PBXBuildFile; fileRef = ED191E991F18F84D004CC420 /* OldGeneralTableViewCell.swift */; };
		ED191E9E1F190B5E004CC420 /* +dataSource.swift in Sources */ = {isa = PBXBuildFile; fileRef = ED191E9D1F190B5E004CC420 /* +dataSource.swift */; };
		ED191EA01F191F6B004CC420 /* +tableViewDelegate.swift in Sources */ = {isa = PBXBuildFile; fileRef = ED191E9F1F191F6B004CC420 /* +tableViewDelegate.swift */; };
		ED191EA21F195FC3004CC420 /* ColorSet.swift in Sources */ = {isa = PBXBuildFile; fileRef = ED191EA11F195FC3004CC420 /* ColorSet.swift */; };
		ED191EA61F196758004CC420 /* AddCMViewController.swift in Sources */ = {isa = PBXBuildFile; fileRef = ED191EA51F196758004CC420 /* AddCMViewController.swift */; };
		ED191EAB1F199DAC004CC420 /* ExtensionForString.swift in Sources */ = {isa = PBXBuildFile; fileRef = ED191EAA1F199DAC004CC420 /* ExtensionForString.swift */; };
		ED2DF62A1F8DD3CC00EA10AD /* VerifiableTextField.swift in Sources */ = {isa = PBXBuildFile; fileRef = ED2DF6291F8DD3CC00EA10AD /* VerifiableTextField.swift */; };
		ED2DF62C1F8DD3F600EA10AD /* CheckmarkView.swift in Sources */ = {isa = PBXBuildFile; fileRef = ED2DF62B1F8DD3F600EA10AD /* CheckmarkView.swift */; };
		ED5E8CC51FAF342600868217 /* Civilmaker+Inits.swift in Sources */ = {isa = PBXBuildFile; fileRef = ED5E8CC41FAF342600868217 /* Civilmaker+Inits.swift */; };
		ED5E8CC71FAF347200868217 /* Civilmaker+CustomFuncs.swift in Sources */ = {isa = PBXBuildFile; fileRef = ED5E8CC61FAF347200868217 /* Civilmaker+CustomFuncs.swift */; };
		ED5E8CC91FAF34C900868217 /* Civilmaker+ConvenienceProperties.swift in Sources */ = {isa = PBXBuildFile; fileRef = ED5E8CC81FAF34C900868217 /* Civilmaker+ConvenienceProperties.swift */; };
		ED65AFE41FA99A0C0067D01B /* UIViewController+functions.swift in Sources */ = {isa = PBXBuildFile; fileRef = ED65AFE31FA99A0C0067D01B /* UIViewController+functions.swift */; };
		ED92AA001F9FF38A00BC1963 /* UIImageView+animations.swift in Sources */ = {isa = PBXBuildFile; fileRef = ED92A9FF1F9FF38A00BC1963 /* UIImageView+animations.swift */; };
		ED92AA021FA122F600BC1963 /* UIView+animations.swift in Sources */ = {isa = PBXBuildFile; fileRef = ED92AA011FA122F600BC1963 /* UIView+animations.swift */; };
		EDB589E81FA6E2DA003AC094 /* CivilmakerDataManager.swift in Sources */ = {isa = PBXBuildFile; fileRef = EDB589E71FA6E2DA003AC094 /* CivilmakerDataManager.swift */; };
		EDB589EA1FA7ACA9003AC094 /* global_variables.swift in Sources */ = {isa = PBXBuildFile; fileRef = EDB589E91FA7ACA9003AC094 /* global_variables.swift */; };
		EDC942EE1FAF1E0500A09F4E /* deeds_icons.xcassets in Resources */ = {isa = PBXBuildFile; fileRef = EDC942ED1FAF1E0500A09F4E /* deeds_icons.xcassets */; };
		EDDC59EA1F7DAFBF00C5D78C /* RegistrationViewController.swift in Sources */ = {isa = PBXBuildFile; fileRef = EDDC59E91F7DAFBF00C5D78C /* RegistrationViewController.swift */; };
		EDDCF8771FAC5B5D00A2E7A2 /* ProfileViewController.swift in Sources */ = {isa = PBXBuildFile; fileRef = EDDCF8761FAC5B5D00A2E7A2 /* ProfileViewController.swift */; };
		EDDD94721F777B6A00F89761 /* GoogleService-Info.plist in Resources */ = {isa = PBXBuildFile; fileRef = EDDD94711F777B5400F89761 /* GoogleService-Info.plist */; };
		EDDD94741F777BCF00F89761 /* Assets.xcassets in Resources */ = {isa = PBXBuildFile; fileRef = EDDD94731F777BCD00F89761 /* Assets.xcassets */; };
		EDDD94761F777D0100F89761 /* Civilmaker+RealmImplement.swift in Sources */ = {isa = PBXBuildFile; fileRef = EDDD94751F777D0100F89761 /* Civilmaker+RealmImplement.swift */; };
		EDDD947D1F777E4C00F89761 /* RoundedButton.swift in Sources */ = {isa = PBXBuildFile; fileRef = EDDD947A1F777E4B00F89761 /* RoundedButton.swift */; };
		EDDD947E1F777E4C00F89761 /* LoginViewController.swift in Sources */ = {isa = PBXBuildFile; fileRef = EDDD947B1F777E4C00F89761 /* LoginViewController.swift */; };
		EDDD947F1F777E4C00F89761 /* RoundedView.swift in Sources */ = {isa = PBXBuildFile; fileRef = EDDD947C1F777E4C00F89761 /* RoundedView.swift */; };
		EDDD94841F777F4700F89761 /* Main.storyboard in Resources */ = {isa = PBXBuildFile; fileRef = EDDD94771F777DDD00F89761 /* Main.storyboard */; };
		EDE322421FA5CFBF006CEADE /* CivilmakerListTableViewController.swift in Sources */ = {isa = PBXBuildFile; fileRef = EDE322411FA5CFBF006CEADE /* CivilmakerListTableViewController.swift */; };
		EDE322451FA5DA66006CEADE /* CivilmakerListTableViewCell.swift in Sources */ = {isa = PBXBuildFile; fileRef = EDE322441FA5DA66006CEADE /* CivilmakerListTableViewCell.swift */; };
		EDE322481FA5DE4D006CEADE /* UIWindow+functions.swift in Sources */ = {isa = PBXBuildFile; fileRef = EDE322471FA5DE4D006CEADE /* UIWindow+functions.swift */; };
/* End PBXBuildFile section */

/* Begin PBXCopyFilesBuildPhase section */
		ED5E8CD01FAF967700868217 /* Embed Frameworks */ = {
			isa = PBXCopyFilesBuildPhase;
			buildActionMask = 2147483647;
			dstPath = "";
			dstSubfolderSpec = 10;
			files = (
			);
			name = "Embed Frameworks";
			runOnlyForDeploymentPostprocessing = 0;
		};
/* End PBXCopyFilesBuildPhase section */

/* Begin PBXFileReference section */
		4EF96BC85BAD51EB676511A9 /* Pods-Civilia.release.xcconfig */ = {isa = PBXFileReference; includeInIndex = 1; lastKnownFileType = text.xcconfig; name = "Pods-Civilia.release.xcconfig"; path = "Pods/Target Support Files/Pods-Civilia/Pods-Civilia.release.xcconfig"; sourceTree = "<group>"; };
		8C5D956A8E6180C34748DFDF /* Pods-Civilia.debug.xcconfig */ = {isa = PBXFileReference; includeInIndex = 1; lastKnownFileType = text.xcconfig; name = "Pods-Civilia.debug.xcconfig"; path = "Pods/Target Support Files/Pods-Civilia/Pods-Civilia.debug.xcconfig"; sourceTree = "<group>"; };
		97F7A763D2F3B290AF1C89F3 /* Pods_Civilia.framework */ = {isa = PBXFileReference; explicitFileType = wrapper.framework; includeInIndex = 0; path = Pods_Civilia.framework; sourceTree = BUILT_PRODUCTS_DIR; };
		ED191E801F18F7F4004CC420 /* Civilia.app */ = {isa = PBXFileReference; explicitFileType = wrapper.application; includeInIndex = 0; path = Civilia.app; sourceTree = BUILT_PRODUCTS_DIR; };
		ED191E831F18F7F4004CC420 /* AppDelegate.swift */ = {isa = PBXFileReference; lastKnownFileType = sourcecode.swift; path = AppDelegate.swift; sourceTree = "<group>"; };
		ED191E851F18F7F4004CC420 /* OldMainViewController.swift */ = {isa = PBXFileReference; lastKnownFileType = sourcecode.swift; path = OldMainViewController.swift; sourceTree = "<group>"; };
		ED191E901F18F7F4004CC420 /* Base */ = {isa = PBXFileReference; lastKnownFileType = file.storyboard; name = Base; path = Base.lproj/LaunchScreen.storyboard; sourceTree = "<group>"; };
		ED191E921F18F7F4004CC420 /* Info.plist */ = {isa = PBXFileReference; lastKnownFileType = text.plist.xml; path = Info.plist; sourceTree = "<group>"; };
		ED191E991F18F84D004CC420 /* OldGeneralTableViewCell.swift */ = {isa = PBXFileReference; fileEncoding = 4; lastKnownFileType = sourcecode.swift; path = OldGeneralTableViewCell.swift; sourceTree = "<group>"; };
		ED191E9D1F190B5E004CC420 /* +dataSource.swift */ = {isa = PBXFileReference; fileEncoding = 4; lastKnownFileType = sourcecode.swift; path = "+dataSource.swift"; sourceTree = "<group>"; };
		ED191E9F1F191F6B004CC420 /* +tableViewDelegate.swift */ = {isa = PBXFileReference; fileEncoding = 4; lastKnownFileType = sourcecode.swift; path = "+tableViewDelegate.swift"; sourceTree = "<group>"; };
		ED191EA11F195FC3004CC420 /* ColorSet.swift */ = {isa = PBXFileReference; fileEncoding = 4; lastKnownFileType = sourcecode.swift; path = ColorSet.swift; sourceTree = "<group>"; };
		ED191EA51F196758004CC420 /* AddCMViewController.swift */ = {isa = PBXFileReference; fileEncoding = 4; lastKnownFileType = sourcecode.swift; path = AddCMViewController.swift; sourceTree = "<group>"; };
		ED191EAA1F199DAC004CC420 /* ExtensionForString.swift */ = {isa = PBXFileReference; fileEncoding = 4; lastKnownFileType = sourcecode.swift; path = ExtensionForString.swift; sourceTree = "<group>"; };
		ED2DF6291F8DD3CC00EA10AD /* VerifiableTextField.swift */ = {isa = PBXFileReference; lastKnownFileType = sourcecode.swift; path = VerifiableTextField.swift; sourceTree = "<group>"; };
		ED2DF62B1F8DD3F600EA10AD /* CheckmarkView.swift */ = {isa = PBXFileReference; lastKnownFileType = sourcecode.swift; path = CheckmarkView.swift; sourceTree = "<group>"; };
		ED5E8CC41FAF342600868217 /* Civilmaker+Inits.swift */ = {isa = PBXFileReference; lastKnownFileType = sourcecode.swift; path = "Civilmaker+Inits.swift"; sourceTree = "<group>"; };
		ED5E8CC61FAF347200868217 /* Civilmaker+CustomFuncs.swift */ = {isa = PBXFileReference; lastKnownFileType = sourcecode.swift; path = "Civilmaker+CustomFuncs.swift"; sourceTree = "<group>"; };
		ED5E8CC81FAF34C900868217 /* Civilmaker+ConvenienceProperties.swift */ = {isa = PBXFileReference; lastKnownFileType = sourcecode.swift; path = "Civilmaker+ConvenienceProperties.swift"; sourceTree = "<group>"; };
		ED65AFE31FA99A0C0067D01B /* UIViewController+functions.swift */ = {isa = PBXFileReference; lastKnownFileType = sourcecode.swift; path = "UIViewController+functions.swift"; sourceTree = "<group>"; };
		ED92A9FF1F9FF38A00BC1963 /* UIImageView+animations.swift */ = {isa = PBXFileReference; fileEncoding = 4; lastKnownFileType = sourcecode.swift; path = "UIImageView+animations.swift"; sourceTree = "<group>"; };
		ED92AA011FA122F600BC1963 /* UIView+animations.swift */ = {isa = PBXFileReference; lastKnownFileType = sourcecode.swift; path = "UIView+animations.swift"; sourceTree = "<group>"; };
		EDB589E71FA6E2DA003AC094 /* CivilmakerDataManager.swift */ = {isa = PBXFileReference; lastKnownFileType = sourcecode.swift; path = CivilmakerDataManager.swift; sourceTree = "<group>"; };
		EDB589E91FA7ACA9003AC094 /* global_variables.swift */ = {isa = PBXFileReference; lastKnownFileType = sourcecode.swift; path = global_variables.swift; sourceTree = "<group>"; };
		EDC942ED1FAF1E0500A09F4E /* deeds_icons.xcassets */ = {isa = PBXFileReference; lastKnownFileType = folder.assetcatalog; path = deeds_icons.xcassets; sourceTree = "<group>"; };
		EDDC59E91F7DAFBF00C5D78C /* RegistrationViewController.swift */ = {isa = PBXFileReference; lastKnownFileType = sourcecode.swift; path = RegistrationViewController.swift; sourceTree = "<group>"; };
		EDDCF8761FAC5B5D00A2E7A2 /* ProfileViewController.swift */ = {isa = PBXFileReference; lastKnownFileType = sourcecode.swift; path = ProfileViewController.swift; sourceTree = "<group>"; };
		EDDD94711F777B5400F89761 /* GoogleService-Info.plist */ = {isa = PBXFileReference; lastKnownFileType = text.plist.xml; path = "GoogleService-Info.plist"; sourceTree = "<group>"; };
		EDDD94731F777BCD00F89761 /* Assets.xcassets */ = {isa = PBXFileReference; lastKnownFileType = folder.assetcatalog; path = Assets.xcassets; sourceTree = "<group>"; };
		EDDD94751F777D0100F89761 /* Civilmaker+RealmImplement.swift */ = {isa = PBXFileReference; lastKnownFileType = sourcecode.swift; path = "Civilmaker+RealmImplement.swift"; sourceTree = "<group>"; };
		EDDD94771F777DDD00F89761 /* Main.storyboard */ = {isa = PBXFileReference; lastKnownFileType = file.storyboard; path = Main.storyboard; sourceTree = "<group>"; };
		EDDD947A1F777E4B00F89761 /* RoundedButton.swift */ = {isa = PBXFileReference; lastKnownFileType = sourcecode.swift; path = RoundedButton.swift; sourceTree = "<group>"; };
		EDDD947B1F777E4C00F89761 /* LoginViewController.swift */ = {isa = PBXFileReference; lastKnownFileType = sourcecode.swift; path = LoginViewController.swift; sourceTree = "<group>"; };
		EDDD947C1F777E4C00F89761 /* RoundedView.swift */ = {isa = PBXFileReference; lastKnownFileType = sourcecode.swift; path = RoundedView.swift; sourceTree = "<group>"; };
		EDE322411FA5CFBF006CEADE /* CivilmakerListTableViewController.swift */ = {isa = PBXFileReference; lastKnownFileType = sourcecode.swift; path = CivilmakerListTableViewController.swift; sourceTree = "<group>"; };
		EDE322441FA5DA66006CEADE /* CivilmakerListTableViewCell.swift */ = {isa = PBXFileReference; lastKnownFileType = sourcecode.swift; path = CivilmakerListTableViewCell.swift; sourceTree = "<group>"; };
		EDE322471FA5DE4D006CEADE /* UIWindow+functions.swift */ = {isa = PBXFileReference; lastKnownFileType = sourcecode.swift; path = "UIWindow+functions.swift"; sourceTree = "<group>"; };
/* End PBXFileReference section */

/* Begin PBXFrameworksBuildPhase section */
		ED191E7D1F18F7F4004CC420 /* Frameworks */ = {
			isa = PBXFrameworksBuildPhase;
			buildActionMask = 2147483647;
			files = (
				9A8D15C8E1302A1A50DB9FE3 /* Pods_Civilia.framework in Frameworks */,
			);
			runOnlyForDeploymentPostprocessing = 0;
		};
/* End PBXFrameworksBuildPhase section */

/* Begin PBXGroup section */
		E37035F2AD69DE2499D10ED3 /* Pods */ = {
			isa = PBXGroup;
			children = (
				8C5D956A8E6180C34748DFDF /* Pods-Civilia.debug.xcconfig */,
				4EF96BC85BAD51EB676511A9 /* Pods-Civilia.release.xcconfig */,
			);
			name = Pods;
			sourceTree = "<group>";
		};
		ED191E771F18F7F4004CC420 = {
			isa = PBXGroup;
			children = (
				ED191E821F18F7F4004CC420 /* Civilia */,
				ED191E811F18F7F4004CC420 /* Products */,
				E37035F2AD69DE2499D10ED3 /* Pods */,
				F5D385F73C4B982EA67571B6 /* Frameworks */,
			);
			sourceTree = "<group>";
		};
		ED191E811F18F7F4004CC420 /* Products */ = {
			isa = PBXGroup;
			children = (
				ED191E801F18F7F4004CC420 /* Civilia.app */,
			);
			name = Products;
			sourceTree = "<group>";
		};
		ED191E821F18F7F4004CC420 /* Civilia */ = {
			isa = PBXGroup;
			children = (
				ED191E831F18F7F4004CC420 /* AppDelegate.swift */,
				ED191E981F18F824004CC420 /* MainViewController */,
				ED191EA71F196761004CC420 /* AddCMViewCOntroller */,
				EDDD94801F777E5500F89761 /* Login */,
				EDDD94831F777E7100F89761 /* Registration Scene */,
				EDE322431FA5D9FC006CEADE /* CivilmakerListViewController */,
				EDDCF8761FAC5B5D00A2E7A2 /* ProfileViewController.swift */,
				EDDD94771F777DDD00F89761 /* Main.storyboard */,
				EDDCF8751FAC5B1600A2E7A2 /* Data Model */,
				EDE322461FA5DDDF006CEADE /* Global Extensions */,
				EDDD94731F777BCD00F89761 /* Assets.xcassets */,
				EDC942ED1FAF1E0500A09F4E /* deeds_icons.xcassets */,
				ED191EA11F195FC3004CC420 /* ColorSet.swift */,
				ED191E9F1F191F6B004CC420 /* +tableViewDelegate.swift */,
				ED191E8F1F18F7F4004CC420 /* LaunchScreen.storyboard */,
				EDDD94711F777B5400F89761 /* GoogleService-Info.plist */,
				ED191E921F18F7F4004CC420 /* Info.plist */,
			);
			path = Civilia;
			sourceTree = "<group>";
		};
		ED191E981F18F824004CC420 /* MainViewController */ = {
			isa = PBXGroup;
			children = (
				ED191E851F18F7F4004CC420 /* OldMainViewController.swift */,
				ED191E9D1F190B5E004CC420 /* +dataSource.swift */,
				ED191E991F18F84D004CC420 /* OldGeneralTableViewCell.swift */,
			);
			name = MainViewController;
			sourceTree = "<group>";
		};
		ED191EA71F196761004CC420 /* AddCMViewCOntroller */ = {
			isa = PBXGroup;
			children = (
				ED191EA51F196758004CC420 /* AddCMViewController.swift */,
			);
			name = AddCMViewCOntroller;
			sourceTree = "<group>";
		};
		ED5E8CC31FAF33FE00868217 /* Civilmaker Class */ = {
			isa = PBXGroup;
			children = (
				EDDD94751F777D0100F89761 /* Civilmaker+RealmImplement.swift */,
				ED5E8CC41FAF342600868217 /* Civilmaker+Inits.swift */,
				ED5E8CC61FAF347200868217 /* Civilmaker+CustomFuncs.swift */,
				ED5E8CC81FAF34C900868217 /* Civilmaker+ConvenienceProperties.swift */,
			);
			name = "Civilmaker Class";
			sourceTree = "<group>";
		};
		EDB589EB1FA838B2003AC094 /* Rounded Views */ = {
			isa = PBXGroup;
			children = (
				EDDD947A1F777E4B00F89761 /* RoundedButton.swift */,
				EDDD947C1F777E4C00F89761 /* RoundedView.swift */,
			);
			name = "Rounded Views";
			sourceTree = "<group>";
		};
		EDDCF8751FAC5B1600A2E7A2 /* Data Model */ = {
			isa = PBXGroup;
			children = (
				EDB589E71FA6E2DA003AC094 /* CivilmakerDataManager.swift */,
				ED5E8CC31FAF33FE00868217 /* Civilmaker Class */,
			);
			name = "Data Model";
			sourceTree = "<group>";
		};
		EDDD94801F777E5500F89761 /* Login */ = {
			isa = PBXGroup;
			children = (
				EDDD947B1F777E4C00F89761 /* LoginViewController.swift */,
			);
			name = Login;
			sourceTree = "<group>";
		};
		EDDD94831F777E7100F89761 /* Registration Scene */ = {
			isa = PBXGroup;
			children = (
				EDDC59E91F7DAFBF00C5D78C /* RegistrationViewController.swift */,
				ED2DF6291F8DD3CC00EA10AD /* VerifiableTextField.swift */,
				ED2DF62B1F8DD3F600EA10AD /* CheckmarkView.swift */,
			);
			name = "Registration Scene";
			sourceTree = "<group>";
		};
		EDE322431FA5D9FC006CEADE /* CivilmakerListViewController */ = {
			isa = PBXGroup;
			children = (
				EDE322411FA5CFBF006CEADE /* CivilmakerListTableViewController.swift */,
				EDE322441FA5DA66006CEADE /* CivilmakerListTableViewCell.swift */,
			);
			path = CivilmakerListViewController;
			sourceTree = "<group>";
		};
		EDE322461FA5DDDF006CEADE /* Global Extensions */ = {
			isa = PBXGroup;
			children = (
				EDB589E91FA7ACA9003AC094 /* global_variables.swift */,
				ED92A9FF1F9FF38A00BC1963 /* UIImageView+animations.swift */,
				EDE322471FA5DE4D006CEADE /* UIWindow+functions.swift */,
				ED92AA011FA122F600BC1963 /* UIView+animations.swift */,
				ED65AFE31FA99A0C0067D01B /* UIViewController+functions.swift */,
				EDB589EB1FA838B2003AC094 /* Rounded Views */,
				ED191EAA1F199DAC004CC420 /* ExtensionForString.swift */,
			);
			name = "Global Extensions";
			sourceTree = "<group>";
		};
		F5D385F73C4B982EA67571B6 /* Frameworks */ = {
			isa = PBXGroup;
			children = (
				97F7A763D2F3B290AF1C89F3 /* Pods_Civilia.framework */,
			);
			name = Frameworks;
			sourceTree = "<group>";
		};
/* End PBXGroup section */

/* Begin PBXNativeTarget section */
		ED191E7F1F18F7F4004CC420 /* Civilia */ = {
			isa = PBXNativeTarget;
			buildConfigurationList = ED191E951F18F7F4004CC420 /* Build configuration list for PBXNativeTarget "Civilia" */;
			buildPhases = (
				53291AA9E27FA8CD5B92CA1E /* [CP] Check Pods Manifest.lock */,
				ED191E7C1F18F7F4004CC420 /* Sources */,
				ED191E7D1F18F7F4004CC420 /* Frameworks */,
				ED191E7E1F18F7F4004CC420 /* Resources */,
				3CFD14E0D2685312550BE5B9 /* [CP] Embed Pods Frameworks */,
				B98C4F71DDCE9831AA965B13 /* [CP] Copy Pods Resources */,
				ED5E8CD01FAF967700868217 /* Embed Frameworks */,
			);
			buildRules = (
			);
			dependencies = (
			);
			name = Civilia;
			productName = Civilia;
			productReference = ED191E801F18F7F4004CC420 /* Civilia.app */;
			productType = "com.apple.product-type.application";
		};
/* End PBXNativeTarget section */

/* Begin PBXProject section */
		ED191E781F18F7F4004CC420 /* Project object */ = {
			isa = PBXProject;
			attributes = {
				LastSwiftUpdateCheck = 0830;
				LastUpgradeCheck = 0900;
				ORGANIZATIONNAME = "Gleb Kalachev";
				TargetAttributes = {
					ED191E7F1F18F7F4004CC420 = {
						CreatedOnToolsVersion = 8.3.3;
						DevelopmentTeam = 6WBATSU6B5;
						LastSwiftMigration = 0900;
						ProvisioningStyle = Automatic;
					};
				};
			};
			buildConfigurationList = ED191E7B1F18F7F4004CC420 /* Build configuration list for PBXProject "Civilia" */;
			compatibilityVersion = "Xcode 3.2";
			developmentRegion = English;
			hasScannedForEncodings = 0;
			knownRegions = (
				en,
				Base,
			);
			mainGroup = ED191E771F18F7F4004CC420;
			productRefGroup = ED191E811F18F7F4004CC420 /* Products */;
			projectDirPath = "";
			projectRoot = "";
			targets = (
				ED191E7F1F18F7F4004CC420 /* Civilia */,
			);
		};
/* End PBXProject section */

/* Begin PBXResourcesBuildPhase section */
		ED191E7E1F18F7F4004CC420 /* Resources */ = {
			isa = PBXResourcesBuildPhase;
			buildActionMask = 2147483647;
			files = (
				EDC942EE1FAF1E0500A09F4E /* deeds_icons.xcassets in Resources */,
				ED191E911F18F7F4004CC420 /* LaunchScreen.storyboard in Resources */,
				EDDD94721F777B6A00F89761 /* GoogleService-Info.plist in Resources */,
				EDDD94741F777BCF00F89761 /* Assets.xcassets in Resources */,
				EDDD94841F777F4700F89761 /* Main.storyboard in Resources */,
			);
			runOnlyForDeploymentPostprocessing = 0;
		};
/* End PBXResourcesBuildPhase section */

/* Begin PBXShellScriptBuildPhase section */
		3CFD14E0D2685312550BE5B9 /* [CP] Embed Pods Frameworks */ = {
			isa = PBXShellScriptBuildPhase;
			buildActionMask = 2147483647;
			files = (
			);
			inputPaths = (
				"${SRCROOT}/Pods/Target Support Files/Pods-Civilia/Pods-Civilia-frameworks.sh",
				"${BUILT_PRODUCTS_DIR}/GTMSessionFetcher/GTMSessionFetcher.framework",
				"${BUILT_PRODUCTS_DIR}/GoogleToolboxForMac/GoogleToolboxForMac.framework",
				"${BUILT_PRODUCTS_DIR}/Realm/Realm.framework",
				"${BUILT_PRODUCTS_DIR}/RealmSwift/RealmSwift.framework",
				"${BUILT_PRODUCTS_DIR}/leveldb-library/leveldb.framework",
				"${BUILT_PRODUCTS_DIR}/nanopb/nanopb.framework",
			);
			name = "[CP] Embed Pods Frameworks";
			outputPaths = (
				"${TARGET_BUILD_DIR}/${FRAMEWORKS_FOLDER_PATH}/GTMSessionFetcher.framework",
				"${TARGET_BUILD_DIR}/${FRAMEWORKS_FOLDER_PATH}/GoogleToolboxForMac.framework",
				"${TARGET_BUILD_DIR}/${FRAMEWORKS_FOLDER_PATH}/Realm.framework",
				"${TARGET_BUILD_DIR}/${FRAMEWORKS_FOLDER_PATH}/RealmSwift.framework",
				"${TARGET_BUILD_DIR}/${FRAMEWORKS_FOLDER_PATH}/leveldb.framework",
				"${TARGET_BUILD_DIR}/${FRAMEWORKS_FOLDER_PATH}/nanopb.framework",
			);
			runOnlyForDeploymentPostprocessing = 0;
			shellPath = /bin/sh;
			shellScript = "\"${SRCROOT}/Pods/Target Support Files/Pods-Civilia/Pods-Civilia-frameworks.sh\"\n";
			showEnvVarsInLog = 0;
		};
		53291AA9E27FA8CD5B92CA1E /* [CP] Check Pods Manifest.lock */ = {
			isa = PBXShellScriptBuildPhase;
			buildActionMask = 2147483647;
			files = (
			);
			inputPaths = (
				"${PODS_PODFILE_DIR_PATH}/Podfile.lock",
				"${PODS_ROOT}/Manifest.lock",
			);
			name = "[CP] Check Pods Manifest.lock";
			outputPaths = (
				"$(DERIVED_FILE_DIR)/Pods-Civilia-checkManifestLockResult.txt",
			);
			runOnlyForDeploymentPostprocessing = 0;
			shellPath = /bin/sh;
			shellScript = "diff \"${PODS_PODFILE_DIR_PATH}/Podfile.lock\" \"${PODS_ROOT}/Manifest.lock\" > /dev/null\nif [ $? != 0 ] ; then\n    # print error to STDERR\n    echo \"error: The sandbox is not in sync with the Podfile.lock. Run 'pod install' or update your CocoaPods installation.\" >&2\n    exit 1\nfi\n# This output is used by Xcode 'outputs' to avoid re-running this script phase.\necho \"SUCCESS\" > \"${SCRIPT_OUTPUT_FILE_0}\"\n";
			showEnvVarsInLog = 0;
		};
		B98C4F71DDCE9831AA965B13 /* [CP] Copy Pods Resources */ = {
			isa = PBXShellScriptBuildPhase;
			buildActionMask = 2147483647;
			files = (
			);
			inputPaths = (
			);
			name = "[CP] Copy Pods Resources";
			outputPaths = (
			);
			runOnlyForDeploymentPostprocessing = 0;
			shellPath = /bin/sh;
			shellScript = "\"${SRCROOT}/Pods/Target Support Files/Pods-Civilia/Pods-Civilia-resources.sh\"\n";
			showEnvVarsInLog = 0;
		};
/* End PBXShellScriptBuildPhase section */

/* Begin PBXSourcesBuildPhase section */
		ED191E7C1F18F7F4004CC420 /* Sources */ = {
			isa = PBXSourcesBuildPhase;
			buildActionMask = 2147483647;
			files = (
				ED191EAB1F199DAC004CC420 /* ExtensionForString.swift in Sources */,
				ED92AA001F9FF38A00BC1963 /* UIImageView+animations.swift in Sources */,
				ED2DF62A1F8DD3CC00EA10AD /* VerifiableTextField.swift in Sources */,
				ED5E8CC71FAF347200868217 /* Civilmaker+CustomFuncs.swift in Sources */,
				ED5E8CC91FAF34C900868217 /* Civilmaker+ConvenienceProperties.swift in Sources */,
				ED2DF62C1F8DD3F600EA10AD /* CheckmarkView.swift in Sources */,
				ED65AFE41FA99A0C0067D01B /* UIViewController+functions.swift in Sources */,
				EDDD947D1F777E4C00F89761 /* RoundedButton.swift in Sources */,
				EDDCF8771FAC5B5D00A2E7A2 /* ProfileViewController.swift in Sources */,
				EDB589E81FA6E2DA003AC094 /* CivilmakerDataManager.swift in Sources */,
				EDB589EA1FA7ACA9003AC094 /* global_variables.swift in Sources */,
				ED191EA01F191F6B004CC420 /* +tableViewDelegate.swift in Sources */,
				EDDC59EA1F7DAFBF00C5D78C /* RegistrationViewController.swift in Sources */,
				ED191E861F18F7F4004CC420 /* OldMainViewController.swift in Sources */,
				ED191EA61F196758004CC420 /* AddCMViewController.swift in Sources */,
				ED191EA21F195FC3004CC420 /* ColorSet.swift in Sources */,
				EDDD94761F777D0100F89761 /* Civilmaker+RealmImplement.swift in Sources */,
				ED191E9A1F18F84D004CC420 /* OldGeneralTableViewCell.swift in Sources */,
				EDDD947F1F777E4C00F89761 /* RoundedView.swift in Sources */,
				ED191E9E1F190B5E004CC420 /* +dataSource.swift in Sources */,
				ED191E841F18F7F4004CC420 /* AppDelegate.swift in Sources */,
				ED92AA021FA122F600BC1963 /* UIView+animations.swift in Sources */,
				EDE322481FA5DE4D006CEADE /* UIWindow+functions.swift in Sources */,
				EDE322421FA5CFBF006CEADE /* CivilmakerListTableViewController.swift in Sources */,
				ED5E8CC51FAF342600868217 /* Civilmaker+Inits.swift in Sources */,
				EDDD947E1F777E4C00F89761 /* LoginViewController.swift in Sources */,
				EDE322451FA5DA66006CEADE /* CivilmakerListTableViewCell.swift in Sources */,
			);
			runOnlyForDeploymentPostprocessing = 0;
		};
/* End PBXSourcesBuildPhase section */

/* Begin PBXVariantGroup section */
		ED191E8F1F18F7F4004CC420 /* LaunchScreen.storyboard */ = {
			isa = PBXVariantGroup;
			children = (
				ED191E901F18F7F4004CC420 /* Base */,
			);
			name = LaunchScreen.storyboard;
			sourceTree = "<group>";
		};
/* End PBXVariantGroup section */

/* Begin XCBuildConfiguration section */
		ED191E931F18F7F4004CC420 /* Debug */ = {
			isa = XCBuildConfiguration;
			buildSettings = {
				ALWAYS_SEARCH_USER_PATHS = NO;
				CLANG_ANALYZER_NONNULL = YES;
				CLANG_ANALYZER_NUMBER_OBJECT_CONVERSION = YES_AGGRESSIVE;
				CLANG_CXX_LANGUAGE_STANDARD = "gnu++0x";
				CLANG_CXX_LIBRARY = "libc++";
				CLANG_ENABLE_MODULES = YES;
				CLANG_ENABLE_OBJC_ARC = YES;
				CLANG_WARN_BLOCK_CAPTURE_AUTORELEASING = YES;
				CLANG_WARN_BOOL_CONVERSION = YES;
				CLANG_WARN_COMMA = YES;
				CLANG_WARN_CONSTANT_CONVERSION = YES;
				CLANG_WARN_DIRECT_OBJC_ISA_USAGE = YES_ERROR;
				CLANG_WARN_DOCUMENTATION_COMMENTS = YES;
				CLANG_WARN_EMPTY_BODY = YES;
				CLANG_WARN_ENUM_CONVERSION = YES;
				CLANG_WARN_INFINITE_RECURSION = YES;
				CLANG_WARN_INT_CONVERSION = YES;
				CLANG_WARN_NON_LITERAL_NULL_CONVERSION = YES;
				CLANG_WARN_OBJC_LITERAL_CONVERSION = YES;
				CLANG_WARN_OBJC_ROOT_CLASS = YES_ERROR;
				CLANG_WARN_RANGE_LOOP_ANALYSIS = YES;
				CLANG_WARN_STRICT_PROTOTYPES = YES;
				CLANG_WARN_SUSPICIOUS_MOVE = YES;
				CLANG_WARN_UNREACHABLE_CODE = YES;
				CLANG_WARN__DUPLICATE_METHOD_MATCH = YES;
				"CODE_SIGN_IDENTITY[sdk=iphoneos*]" = "iPhone Developer";
				COPY_PHASE_STRIP = NO;
				DEBUG_INFORMATION_FORMAT = dwarf;
				ENABLE_STRICT_OBJC_MSGSEND = YES;
				ENABLE_TESTABILITY = YES;
				GCC_C_LANGUAGE_STANDARD = gnu99;
				GCC_DYNAMIC_NO_PIC = NO;
				GCC_NO_COMMON_BLOCKS = YES;
				GCC_OPTIMIZATION_LEVEL = 0;
				GCC_PREPROCESSOR_DEFINITIONS = (
					"DEBUG=1",
					"$(inherited)",
				);
				GCC_WARN_64_TO_32_BIT_CONVERSION = YES;
				GCC_WARN_ABOUT_RETURN_TYPE = YES_ERROR;
				GCC_WARN_UNDECLARED_SELECTOR = YES;
				GCC_WARN_UNINITIALIZED_AUTOS = YES_AGGRESSIVE;
				GCC_WARN_UNUSED_FUNCTION = YES;
				GCC_WARN_UNUSED_VARIABLE = YES;
				IPHONEOS_DEPLOYMENT_TARGET = 10.3;
				MTL_ENABLE_DEBUG_INFO = YES;
				ONLY_ACTIVE_ARCH = YES;
				SDKROOT = iphoneos;
				SWIFT_ACTIVE_COMPILATION_CONDITIONS = DEBUG;
				SWIFT_OPTIMIZATION_LEVEL = "-Onone";
			};
			name = Debug;
		};
		ED191E941F18F7F4004CC420 /* Release */ = {
			isa = XCBuildConfiguration;
			buildSettings = {
				ALWAYS_SEARCH_USER_PATHS = NO;
				CLANG_ANALYZER_NONNULL = YES;
				CLANG_ANALYZER_NUMBER_OBJECT_CONVERSION = YES_AGGRESSIVE;
				CLANG_CXX_LANGUAGE_STANDARD = "gnu++0x";
				CLANG_CXX_LIBRARY = "libc++";
				CLANG_ENABLE_MODULES = YES;
				CLANG_ENABLE_OBJC_ARC = YES;
				CLANG_WARN_BLOCK_CAPTURE_AUTORELEASING = YES;
				CLANG_WARN_BOOL_CONVERSION = YES;
				CLANG_WARN_COMMA = YES;
				CLANG_WARN_CONSTANT_CONVERSION = YES;
				CLANG_WARN_DIRECT_OBJC_ISA_USAGE = YES_ERROR;
				CLANG_WARN_DOCUMENTATION_COMMENTS = YES;
				CLANG_WARN_EMPTY_BODY = YES;
				CLANG_WARN_ENUM_CONVERSION = YES;
				CLANG_WARN_INFINITE_RECURSION = YES;
				CLANG_WARN_INT_CONVERSION = YES;
				CLANG_WARN_NON_LITERAL_NULL_CONVERSION = YES;
				CLANG_WARN_OBJC_LITERAL_CONVERSION = YES;
				CLANG_WARN_OBJC_ROOT_CLASS = YES_ERROR;
				CLANG_WARN_RANGE_LOOP_ANALYSIS = YES;
				CLANG_WARN_STRICT_PROTOTYPES = YES;
				CLANG_WARN_SUSPICIOUS_MOVE = YES;
				CLANG_WARN_UNREACHABLE_CODE = YES;
				CLANG_WARN__DUPLICATE_METHOD_MATCH = YES;
				"CODE_SIGN_IDENTITY[sdk=iphoneos*]" = "iPhone Developer";
				COPY_PHASE_STRIP = NO;
				DEBUG_INFORMATION_FORMAT = "dwarf-with-dsym";
				ENABLE_NS_ASSERTIONS = NO;
				ENABLE_STRICT_OBJC_MSGSEND = YES;
				GCC_C_LANGUAGE_STANDARD = gnu99;
				GCC_NO_COMMON_BLOCKS = YES;
				GCC_WARN_64_TO_32_BIT_CONVERSION = YES;
				GCC_WARN_ABOUT_RETURN_TYPE = YES_ERROR;
				GCC_WARN_UNDECLARED_SELECTOR = YES;
				GCC_WARN_UNINITIALIZED_AUTOS = YES_AGGRESSIVE;
				GCC_WARN_UNUSED_FUNCTION = YES;
				GCC_WARN_UNUSED_VARIABLE = YES;
				IPHONEOS_DEPLOYMENT_TARGET = 10.3;
				MTL_ENABLE_DEBUG_INFO = NO;
				SDKROOT = iphoneos;
				SWIFT_OPTIMIZATION_LEVEL = "-Owholemodule";
				VALIDATE_PRODUCT = YES;
			};
			name = Release;
		};
		ED191E961F18F7F4004CC420 /* Debug */ = {
			isa = XCBuildConfiguration;
			baseConfigurationReference = 8C5D956A8E6180C34748DFDF /* Pods-Civilia.debug.xcconfig */;
			buildSettings = {
				ASSETCATALOG_COMPILER_APPICON_NAME = AppIcon;
				DEVELOPMENT_TEAM = 6WBATSU6B5;
				FRAMEWORK_SEARCH_PATHS = (
					"$(inherited)",
					"$(PROJECT_DIR)",
				);
				INFOPLIST_FILE = Civilia/Info.plist;
				LD_RUNPATH_SEARCH_PATHS = "$(inherited) @executable_path/Frameworks";
				PRODUCT_BUNDLE_IDENTIFIER = GGhost.Civilia;
				PRODUCT_NAME = "$(TARGET_NAME)";
				SWIFT_SWIFT3_OBJC_INFERENCE = On;
				SWIFT_VERSION = 4.0;
			};
			name = Debug;
		};
		ED191E971F18F7F4004CC420 /* Release */ = {
			isa = XCBuildConfiguration;
			baseConfigurationReference = 4EF96BC85BAD51EB676511A9 /* Pods-Civilia.release.xcconfig */;
			buildSettings = {
				ASSETCATALOG_COMPILER_APPICON_NAME = AppIcon;
				DEVELOPMENT_TEAM = 6WBATSU6B5;
				FRAMEWORK_SEARCH_PATHS = (
					"$(inherited)",
					"$(PROJECT_DIR)",
				);
				INFOPLIST_FILE = Civilia/Info.plist;
				LD_RUNPATH_SEARCH_PATHS = "$(inherited) @executable_path/Frameworks";
				PRODUCT_BUNDLE_IDENTIFIER = GGhost.Civilia;
				PRODUCT_NAME = "$(TARGET_NAME)";
				SWIFT_SWIFT3_OBJC_INFERENCE = On;
				SWIFT_VERSION = 4.0;
			};
			name = Release;
		};
/* End XCBuildConfiguration section */

/* Begin XCConfigurationList section */
		ED191E7B1F18F7F4004CC420 /* Build configuration list for PBXProject "Civilia" */ = {
			isa = XCConfigurationList;
			buildConfigurations = (
				ED191E931F18F7F4004CC420 /* Debug */,
				ED191E941F18F7F4004CC420 /* Release */,
			);
			defaultConfigurationIsVisible = 0;
			defaultConfigurationName = Release;
		};
		ED191E951F18F7F4004CC420 /* Build configuration list for PBXNativeTarget "Civilia" */ = {
			isa = XCConfigurationList;
			buildConfigurations = (
				ED191E961F18F7F4004CC420 /* Debug */,
				ED191E971F18F7F4004CC420 /* Release */,
			);
			defaultConfigurationIsVisible = 0;
			defaultConfigurationName = Release;
		};
/* End XCConfigurationList section */
	};
	rootObject = ED191E781F18F7F4004CC420 /* Project object */;
}
