// !$*UTF8*$!
{
	archiveVersion = 1;
	classes = {
	};
	objectVersion = 46;
	objects = {

/* Begin PBXBuildFile section */
		ED191E841F18F7F4004CC420 /* AppDelegate.swift in Sources */ = {isa = PBXBuildFile; fileRef = ED191E831F18F7F4004CC420 /* AppDelegate.swift */; };
		ED191E861F18F7F4004CC420 /* MainViewController.swift in Sources */ = {isa = PBXBuildFile; fileRef = ED191E851F18F7F4004CC420 /* MainViewController.swift */; };
		ED191E891F18F7F4004CC420 /* Main.storyboard in Resources */ = {isa = PBXBuildFile; fileRef = ED191E871F18F7F4004CC420 /* Main.storyboard */; };
		ED191E8E1F18F7F4004CC420 /* Assets.xcassets in Resources */ = {isa = PBXBuildFile; fileRef = ED191E8D1F18F7F4004CC420 /* Assets.xcassets */; };
		ED191E911F18F7F4004CC420 /* LaunchScreen.storyboard in Resources */ = {isa = PBXBuildFile; fileRef = ED191E8F1F18F7F4004CC420 /* LaunchScreen.storyboard */; };
		ED191E9A1F18F84D004CC420 /* GeneralTableViewCell.swift in Sources */ = {isa = PBXBuildFile; fileRef = ED191E991F18F84D004CC420 /* GeneralTableViewCell.swift */; };
		ED191E9E1F190B5E004CC420 /* +dataSource.swift in Sources */ = {isa = PBXBuildFile; fileRef = ED191E9D1F190B5E004CC420 /* +dataSource.swift */; };
		ED191EA01F191F6B004CC420 /* +tableViewDelegate.swift in Sources */ = {isa = PBXBuildFile; fileRef = ED191E9F1F191F6B004CC420 /* +tableViewDelegate.swift */; };
		ED191EA21F195FC3004CC420 /* ColorSet.swift in Sources */ = {isa = PBXBuildFile; fileRef = ED191EA11F195FC3004CC420 /* ColorSet.swift */; };
		ED191EA61F196758004CC420 /* AddCMViewController.swift in Sources */ = {isa = PBXBuildFile; fileRef = ED191EA51F196758004CC420 /* AddCMViewController.swift */; };
		ED191EAB1F199DAC004CC420 /* ExtensionForString.swift in Sources */ = {isa = PBXBuildFile; fileRef = ED191EAA1F199DAC004CC420 /* ExtensionForString.swift */; };
		ED78C1301F3EE862000F77A1 /* RealmSwift.framework in Frameworks */ = {isa = PBXBuildFile; fileRef = ED78C12E1F3EE85F000F77A1 /* RealmSwift.framework */; };
		ED78C1311F3EE862000F77A1 /* RealmSwift.framework in Embed Frameworks */ = {isa = PBXBuildFile; fileRef = ED78C12E1F3EE85F000F77A1 /* RealmSwift.framework */; settings = {ATTRIBUTES = (CodeSignOnCopy, RemoveHeadersOnCopy, ); }; };
		ED78C1321F3EE862000F77A1 /* Realm.framework in Frameworks */ = {isa = PBXBuildFile; fileRef = ED78C12F1F3EE862000F77A1 /* Realm.framework */; };
		ED78C1331F3EE862000F77A1 /* Realm.framework in Embed Frameworks */ = {isa = PBXBuildFile; fileRef = ED78C12F1F3EE862000F77A1 /* Realm.framework */; settings = {ATTRIBUTES = (CodeSignOnCopy, RemoveHeadersOnCopy, ); }; };
		EDAEED261F25C3C700150A53 /* CivilmakerDataModel.swift in Sources */ = {isa = PBXBuildFile; fileRef = EDAEED251F25C3C700150A53 /* CivilmakerDataModel.swift */; };
/* End PBXBuildFile section */

/* Begin PBXCopyFilesBuildPhase section */
		ED78C12D1F3EE518000F77A1 /* Embed Frameworks */ = {
			isa = PBXCopyFilesBuildPhase;
			buildActionMask = 2147483647;
			dstPath = "";
			dstSubfolderSpec = 10;
			files = (
				ED78C1331F3EE862000F77A1 /* Realm.framework in Embed Frameworks */,
				ED78C1311F3EE862000F77A1 /* RealmSwift.framework in Embed Frameworks */,
			);
			name = "Embed Frameworks";
			runOnlyForDeploymentPostprocessing = 0;
		};
/* End PBXCopyFilesBuildPhase section */

/* Begin PBXFileReference section */
		ED191E801F18F7F4004CC420 /* Civilia.app */ = {isa = PBXFileReference; explicitFileType = wrapper.application; includeInIndex = 0; path = Civilia.app; sourceTree = BUILT_PRODUCTS_DIR; };
		ED191E831F18F7F4004CC420 /* AppDelegate.swift */ = {isa = PBXFileReference; lastKnownFileType = sourcecode.swift; path = AppDelegate.swift; sourceTree = "<group>"; };
		ED191E851F18F7F4004CC420 /* MainViewController.swift */ = {isa = PBXFileReference; lastKnownFileType = sourcecode.swift; path = MainViewController.swift; sourceTree = "<group>"; };
		ED191E881F18F7F4004CC420 /* Base */ = {isa = PBXFileReference; lastKnownFileType = file.storyboard; name = Base; path = Base.lproj/Main.storyboard; sourceTree = "<group>"; };
		ED191E8D1F18F7F4004CC420 /* Assets.xcassets */ = {isa = PBXFileReference; lastKnownFileType = folder.assetcatalog; path = Assets.xcassets; sourceTree = "<group>"; };
		ED191E901F18F7F4004CC420 /* Base */ = {isa = PBXFileReference; lastKnownFileType = file.storyboard; name = Base; path = Base.lproj/LaunchScreen.storyboard; sourceTree = "<group>"; };
		ED191E921F18F7F4004CC420 /* Info.plist */ = {isa = PBXFileReference; lastKnownFileType = text.plist.xml; path = Info.plist; sourceTree = "<group>"; };
		ED191E991F18F84D004CC420 /* GeneralTableViewCell.swift */ = {isa = PBXFileReference; fileEncoding = 4; lastKnownFileType = sourcecode.swift; path = GeneralTableViewCell.swift; sourceTree = "<group>"; };
		ED191E9D1F190B5E004CC420 /* +dataSource.swift */ = {isa = PBXFileReference; fileEncoding = 4; lastKnownFileType = sourcecode.swift; path = "+dataSource.swift"; sourceTree = "<group>"; };
		ED191E9F1F191F6B004CC420 /* +tableViewDelegate.swift */ = {isa = PBXFileReference; fileEncoding = 4; lastKnownFileType = sourcecode.swift; path = "+tableViewDelegate.swift"; sourceTree = "<group>"; };
		ED191EA11F195FC3004CC420 /* ColorSet.swift */ = {isa = PBXFileReference; fileEncoding = 4; lastKnownFileType = sourcecode.swift; path = ColorSet.swift; sourceTree = "<group>"; };
		ED191EA51F196758004CC420 /* AddCMViewController.swift */ = {isa = PBXFileReference; fileEncoding = 4; lastKnownFileType = sourcecode.swift; path = AddCMViewController.swift; sourceTree = "<group>"; };
		ED191EAA1F199DAC004CC420 /* ExtensionForString.swift */ = {isa = PBXFileReference; fileEncoding = 4; lastKnownFileType = sourcecode.swift; path = ExtensionForString.swift; sourceTree = "<group>"; };
		ED78C12E1F3EE85F000F77A1 /* RealmSwift.framework */ = {isa = PBXFileReference; lastKnownFileType = wrapper.framework; path = RealmSwift.framework; sourceTree = "<group>"; };
		ED78C12F1F3EE862000F77A1 /* Realm.framework */ = {isa = PBXFileReference; lastKnownFileType = wrapper.framework; path = Realm.framework; sourceTree = "<group>"; };
		EDAEED251F25C3C700150A53 /* CivilmakerDataModel.swift */ = {isa = PBXFileReference; fileEncoding = 4; lastKnownFileType = sourcecode.swift; path = CivilmakerDataModel.swift; sourceTree = "<group>"; };
/* End PBXFileReference section */

/* Begin PBXFrameworksBuildPhase section */
		ED191E7D1F18F7F4004CC420 /* Frameworks */ = {
			isa = PBXFrameworksBuildPhase;
			buildActionMask = 2147483647;
			files = (
				ED78C1321F3EE862000F77A1 /* Realm.framework in Frameworks */,
				ED78C1301F3EE862000F77A1 /* RealmSwift.framework in Frameworks */,
			);
			runOnlyForDeploymentPostprocessing = 0;
		};
/* End PBXFrameworksBuildPhase section */

/* Begin PBXGroup section */
		ED191E771F18F7F4004CC420 = {
			isa = PBXGroup;
			children = (
				ED78C12F1F3EE862000F77A1 /* Realm.framework */,
				ED78C12E1F3EE85F000F77A1 /* RealmSwift.framework */,
				ED191E821F18F7F4004CC420 /* Civilia */,
				ED191E811F18F7F4004CC420 /* Products */,
			);
			sourceTree = "<group>";
		};
		ED191E811F18F7F4004CC420 /* Products */ = {
			isa = PBXGroup;
			children = (
				ED191E801F18F7F4004CC420 /* Civilia.app */,
			);
			name = Products;
			sourceTree = "<group>";
		};
		ED191E821F18F7F4004CC420 /* Civilia */ = {
			isa = PBXGroup;
			children = (
				ED191E831F18F7F4004CC420 /* AppDelegate.swift */,
				ED191E981F18F824004CC420 /* MainViewController */,
				ED191EA71F196761004CC420 /* AddCMViewCOntroller */,
				ED191E871F18F7F4004CC420 /* Main.storyboard */,
				EDAEED251F25C3C700150A53 /* CivilmakerDataModel.swift */,
				ED191EAA1F199DAC004CC420 /* ExtensionForString.swift */,
				ED191EA11F195FC3004CC420 /* ColorSet.swift */,
				ED191E9F1F191F6B004CC420 /* +tableViewDelegate.swift */,
				ED191E8D1F18F7F4004CC420 /* Assets.xcassets */,
				ED191E8F1F18F7F4004CC420 /* LaunchScreen.storyboard */,
				ED191E921F18F7F4004CC420 /* Info.plist */,
			);
			path = Civilia;
			sourceTree = "<group>";
		};
		ED191E981F18F824004CC420 /* MainViewController */ = {
			isa = PBXGroup;
			children = (
				ED191E851F18F7F4004CC420 /* MainViewController.swift */,
				ED191E9D1F190B5E004CC420 /* +dataSource.swift */,
				ED191E991F18F84D004CC420 /* GeneralTableViewCell.swift */,
			);
			name = MainViewController;
			sourceTree = "<group>";
		};
		ED191EA71F196761004CC420 /* AddCMViewCOntroller */ = {
			isa = PBXGroup;
			children = (
				ED191EA51F196758004CC420 /* AddCMViewController.swift */,
			);
			name = AddCMViewCOntroller;
			sourceTree = "<group>";
		};
/* End PBXGroup section */

/* Begin PBXNativeTarget section */
		ED191E7F1F18F7F4004CC420 /* Civilia */ = {
			isa = PBXNativeTarget;
			buildConfigurationList = ED191E951F18F7F4004CC420 /* Build configuration list for PBXNativeTarget "Civilia" */;
			buildPhases = (
				ED191E7C1F18F7F4004CC420 /* Sources */,
				ED191E7D1F18F7F4004CC420 /* Frameworks */,
				ED191E7E1F18F7F4004CC420 /* Resources */,
				ED78C12D1F3EE518000F77A1 /* Embed Frameworks */,
			);
			buildRules = (
			);
			dependencies = (
			);
			name = Civilia;
			productName = Civilia;
			productReference = ED191E801F18F7F4004CC420 /* Civilia.app */;
			productType = "com.apple.product-type.application";
		};
/* End PBXNativeTarget section */

/* Begin PBXProject section */
		ED191E781F18F7F4004CC420 /* Project object */ = {
			isa = PBXProject;
			attributes = {
				LastSwiftUpdateCheck = 0830;
				LastUpgradeCheck = 0900;
				ORGANIZATIONNAME = "Gleb Kalachev";
				TargetAttributes = {
					ED191E7F1F18F7F4004CC420 = {
						CreatedOnToolsVersion = 8.3.3;
						DevelopmentTeam = 6WBATSU6B5;
						LastSwiftMigration = 0900;
						ProvisioningStyle = Automatic;
					};
				};
			};
			buildConfigurationList = ED191E7B1F18F7F4004CC420 /* Build configuration list for PBXProject "Civilia" */;
			compatibilityVersion = "Xcode 3.2";
			developmentRegion = English;
			hasScannedForEncodings = 0;
			knownRegions = (
				en,
				Base,
			);
			mainGroup = ED191E771F18F7F4004CC420;
			productRefGroup = ED191E811F18F7F4004CC420 /* Products */;
			projectDirPath = "";
			projectRoot = "";
			targets = (
				ED191E7F1F18F7F4004CC420 /* Civilia */,
			);
		};
/* End PBXProject section */

/* Begin PBXResourcesBuildPhase section */
		ED191E7E1F18F7F4004CC420 /* Resources */ = {
			isa = PBXResourcesBuildPhase;
			buildActionMask = 2147483647;
			files = (
				ED191E911F18F7F4004CC420 /* LaunchScreen.storyboard in Resources */,
				ED191E8E1F18F7F4004CC420 /* Assets.xcassets in Resources */,
				ED191E891F18F7F4004CC420 /* Main.storyboard in Resources */,
			);
			runOnlyForDeploymentPostprocessing = 0;
		};
/* End PBXResourcesBuildPhase section */

/* Begin PBXSourcesBuildPhase section */
		ED191E7C1F18F7F4004CC420 /* Sources */ = {
			isa = PBXSourcesBuildPhase;
			buildActionMask = 2147483647;
			files = (
				EDAEED261F25C3C700150A53 /* CivilmakerDataModel.swift in Sources */,
				ED191EAB1F199DAC004CC420 /* ExtensionForString.swift in Sources */,
				ED191EA01F191F6B004CC420 /* +tableViewDelegate.swift in Sources */,
				ED191E861F18F7F4004CC420 /* MainViewController.swift in Sources */,
				ED191EA61F196758004CC420 /* AddCMViewController.swift in Sources */,
				ED191EA21F195FC3004CC420 /* ColorSet.swift in Sources */,
				ED191E9A1F18F84D004CC420 /* GeneralTableViewCell.swift in Sources */,
				ED191E9E1F190B5E004CC420 /* +dataSource.swift in Sources */,
				ED191E841F18F7F4004CC420 /* AppDelegate.swift in Sources */,
			);
			runOnlyForDeploymentPostprocessing = 0;
		};
/* End PBXSourcesBuildPhase section */

/* Begin PBXVariantGroup section */
		ED191E871F18F7F4004CC420 /* Main.storyboard */ = {
			isa = PBXVariantGroup;
			children = (
				ED191E881F18F7F4004CC420 /* Base */,
			);
			name = Main.storyboard;
			sourceTree = "<group>";
		};
		ED191E8F1F18F7F4004CC420 /* LaunchScreen.storyboard */ = {
			isa = PBXVariantGroup;
			children = (
				ED191E901F18F7F4004CC420 /* Base */,
			);
			name = LaunchScreen.storyboard;
			sourceTree = "<group>";
		};
/* End PBXVariantGroup section */

/* Begin XCBuildConfiguration section */
		ED191E931F18F7F4004CC420 /* Debug */ = {
			isa = XCBuildConfiguration;
			buildSettings = {
				ALWAYS_SEARCH_USER_PATHS = NO;
				CLANG_ANALYZER_NONNULL = YES;
				CLANG_ANALYZER_NUMBER_OBJECT_CONVERSION = YES_AGGRESSIVE;
				CLANG_CXX_LANGUAGE_STANDARD = "gnu++0x";
				CLANG_CXX_LIBRARY = "libc++";
				CLANG_ENABLE_MODULES = YES;
				CLANG_ENABLE_OBJC_ARC = YES;
				CLANG_WARN_BLOCK_CAPTURE_AUTORELEASING = YES;
				CLANG_WARN_BOOL_CONVERSION = YES;
				CLANG_WARN_COMMA = YES;
				CLANG_WARN_CONSTANT_CONVERSION = YES;
				CLANG_WARN_DIRECT_OBJC_ISA_USAGE = YES_ERROR;
				CLANG_WARN_DOCUMENTATION_COMMENTS = YES;
				CLANG_WARN_EMPTY_BODY = YES;
				CLANG_WARN_ENUM_CONVERSION = YES;
				CLANG_WARN_INFINITE_RECURSION = YES;
				CLANG_WARN_INT_CONVERSION = YES;
				CLANG_WARN_NON_LITERAL_NULL_CONVERSION = YES;
				CLANG_WARN_OBJC_LITERAL_CONVERSION = YES;
				CLANG_WARN_OBJC_ROOT_CLASS = YES_ERROR;
				CLANG_WARN_RANGE_LOOP_ANALYSIS = YES;
				CLANG_WARN_STRICT_PROTOTYPES = YES;
				CLANG_WARN_SUSPICIOUS_MOVE = YES;
				CLANG_WARN_UNREACHABLE_CODE = YES;
				CLANG_WARN__DUPLICATE_METHOD_MATCH = YES;
				"CODE_SIGN_IDENTITY[sdk=iphoneos*]" = "iPhone Developer";
				COPY_PHASE_STRIP = NO;
				DEBUG_INFORMATION_FORMAT = dwarf;
				ENABLE_STRICT_OBJC_MSGSEND = YES;
				ENABLE_TESTABILITY = YES;
				GCC_C_LANGUAGE_STANDARD = gnu99;
				GCC_DYNAMIC_NO_PIC = NO;
				GCC_NO_COMMON_BLOCKS = YES;
				GCC_OPTIMIZATION_LEVEL = 0;
				GCC_PREPROCESSOR_DEFINITIONS = (
					"DEBUG=1",
					"$(inherited)",
				);
				GCC_WARN_64_TO_32_BIT_CONVERSION = YES;
				GCC_WARN_ABOUT_RETURN_TYPE = YES_ERROR;
				GCC_WARN_UNDECLARED_SELECTOR = YES;
				GCC_WARN_UNINITIALIZED_AUTOS = YES_AGGRESSIVE;
				GCC_WARN_UNUSED_FUNCTION = YES;
				GCC_WARN_UNUSED_VARIABLE = YES;
				IPHONEOS_DEPLOYMENT_TARGET = 10.3;
				MTL_ENABLE_DEBUG_INFO = YES;
				ONLY_ACTIVE_ARCH = YES;
				SDKROOT = iphoneos;
				SWIFT_ACTIVE_COMPILATION_CONDITIONS = DEBUG;
				SWIFT_OPTIMIZATION_LEVEL = "-Onone";
			};
			name = Debug;
		};
		ED191E941F18F7F4004CC420 /* Release */ = {
			isa = XCBuildConfiguration;
			buildSettings = {
				ALWAYS_SEARCH_USER_PATHS = NO;
				CLANG_ANALYZER_NONNULL = YES;
				CLANG_ANALYZER_NUMBER_OBJECT_CONVERSION = YES_AGGRESSIVE;
				CLANG_CXX_LANGUAGE_STANDARD = "gnu++0x";
				CLANG_CXX_LIBRARY = "libc++";
				CLANG_ENABLE_MODULES = YES;
				CLANG_ENABLE_OBJC_ARC = YES;
				CLANG_WARN_BLOCK_CAPTURE_AUTORELEASING = YES;
				CLANG_WARN_BOOL_CONVERSION = YES;
				CLANG_WARN_COMMA = YES;
				CLANG_WARN_CONSTANT_CONVERSION = YES;
				CLANG_WARN_DIRECT_OBJC_ISA_USAGE = YES_ERROR;
				CLANG_WARN_DOCUMENTATION_COMMENTS = YES;
				CLANG_WARN_EMPTY_BODY = YES;
				CLANG_WARN_ENUM_CONVERSION = YES;
				CLANG_WARN_INFINITE_RECURSION = YES;
				CLANG_WARN_INT_CONVERSION = YES;
				CLANG_WARN_NON_LITERAL_NULL_CONVERSION = YES;
				CLANG_WARN_OBJC_LITERAL_CONVERSION = YES;
				CLANG_WARN_OBJC_ROOT_CLASS = YES_ERROR;
				CLANG_WARN_RANGE_LOOP_ANALYSIS = YES;
				CLANG_WARN_STRICT_PROTOTYPES = YES;
				CLANG_WARN_SUSPICIOUS_MOVE = YES;
				CLANG_WARN_UNREACHABLE_CODE = YES;
				CLANG_WARN__DUPLICATE_METHOD_MATCH = YES;
				"CODE_SIGN_IDENTITY[sdk=iphoneos*]" = "iPhone Developer";
				COPY_PHASE_STRIP = NO;
				DEBUG_INFORMATION_FORMAT = "dwarf-with-dsym";
				ENABLE_NS_ASSERTIONS = NO;
				ENABLE_STRICT_OBJC_MSGSEND = YES;
				GCC_C_LANGUAGE_STANDARD = gnu99;
				GCC_NO_COMMON_BLOCKS = YES;
				GCC_WARN_64_TO_32_BIT_CONVERSION = YES;
				GCC_WARN_ABOUT_RETURN_TYPE = YES_ERROR;
				GCC_WARN_UNDECLARED_SELECTOR = YES;
				GCC_WARN_UNINITIALIZED_AUTOS = YES_AGGRESSIVE;
				GCC_WARN_UNUSED_FUNCTION = YES;
				GCC_WARN_UNUSED_VARIABLE = YES;
				IPHONEOS_DEPLOYMENT_TARGET = 10.3;
				MTL_ENABLE_DEBUG_INFO = NO;
				SDKROOT = iphoneos;
				SWIFT_OPTIMIZATION_LEVEL = "-Owholemodule";
				VALIDATE_PRODUCT = YES;
			};
			name = Release;
		};
		ED191E961F18F7F4004CC420 /* Debug */ = {
			isa = XCBuildConfiguration;
			buildSettings = {
				ASSETCATALOG_COMPILER_APPICON_NAME = AppIcon;
				DEVELOPMENT_TEAM = 6WBATSU6B5;
				FRAMEWORK_SEARCH_PATHS = (
					"$(inherited)",
					"$(PROJECT_DIR)",
				);
				INFOPLIST_FILE = Civilia/Info.plist;
				LD_RUNPATH_SEARCH_PATHS = "$(inherited) @executable_path/Frameworks";
				PRODUCT_BUNDLE_IDENTIFIER = GGhost.Civilia;
				PRODUCT_NAME = "$(TARGET_NAME)";
				SWIFT_SWIFT3_OBJC_INFERENCE = On;
				SWIFT_VERSION = 4.0;
			};
			name = Debug;
		};
		ED191E971F18F7F4004CC420 /* Release */ = {
			isa = XCBuildConfiguration;
			buildSettings = {
				ASSETCATALOG_COMPILER_APPICON_NAME = AppIcon;
				DEVELOPMENT_TEAM = 6WBATSU6B5;
				FRAMEWORK_SEARCH_PATHS = (
					"$(inherited)",
					"$(PROJECT_DIR)",
				);
				INFOPLIST_FILE = Civilia/Info.plist;
				LD_RUNPATH_SEARCH_PATHS = "$(inherited) @executable_path/Frameworks";
				PRODUCT_BUNDLE_IDENTIFIER = GGhost.Civilia;
				PRODUCT_NAME = "$(TARGET_NAME)";
				SWIFT_SWIFT3_OBJC_INFERENCE = On;
				SWIFT_VERSION = 4.0;
			};
			name = Release;
		};
/* End XCBuildConfiguration section */

/* Begin XCConfigurationList section */
		ED191E7B1F18F7F4004CC420 /* Build configuration list for PBXProject "Civilia" */ = {
			isa = XCConfigurationList;
			buildConfigurations = (
				ED191E931F18F7F4004CC420 /* Debug */,
				ED191E941F18F7F4004CC420 /* Release */,
			);
			defaultConfigurationIsVisible = 0;
			defaultConfigurationName = Release;
		};
		ED191E951F18F7F4004CC420 /* Build configuration list for PBXNativeTarget "Civilia" */ = {
			isa = XCConfigurationList;
			buildConfigurations = (
				ED191E961F18F7F4004CC420 /* Debug */,
				ED191E971F18F7F4004CC420 /* Release */,
			);
			defaultConfigurationIsVisible = 0;
			defaultConfigurationName = Release;
		};
/* End XCConfigurationList section */
	};
	rootObject = ED191E781F18F7F4004CC420 /* Project object */;
}
